<?xml version="1.0" encoding="utf-8"?>
<Project ToolsVersion="4.0" xmlns="http://schemas.microsoft.com/developer/msbuild/2003">
  <ItemGroup>
    <Filter Include="源文件">
      <UniqueIdentifier>{4FC737F1-C7A5-4376-A066-2A32D752A2FF}</UniqueIdentifier>
      <Extensions>cpp;c;cc;cxx;c++;cppm;ixx;def;odl;idl;hpj;bat;asm;asmx</Extensions>
    </Filter>
    <Filter Include="头文件">
      <UniqueIdentifier>{93995380-89BD-4b04-88EB-625FBE52EBFB}</UniqueIdentifier>
      <Extensions>h;hh;hpp;hxx;h++;hm;inl;inc;ipp;xsd</Extensions>
    </Filter>
    <Filter Include="资源文件">
      <UniqueIdentifier>{67DA6AB6-F800-4c08-8B7A-83BB121AAD01}</UniqueIdentifier>
      <Extensions>rc;ico;cur;bmp;dlg;rc2;rct;bin;rgs;gif;jpg;jpeg;jpe;resx;tiff;tif;png;wav;mfcribbon-ms</Extensions>
    </Filter>
    <Filter Include="源文件\sort">
      <UniqueIdentifier>{b82f9d41-d168-47ef-954c-4616701f952b}</UniqueIdentifier>
    </Filter>
    <Filter Include="头文件\sort">
      <UniqueIdentifier>{7e15cdeb-2070-4001-b772-3c88c36c2be4}</UniqueIdentifier>
    </Filter>
    <Filter Include="头文件\seek">
      <UniqueIdentifier>{25b04386-bb24-4440-9091-cde5a2f0fa7e}</UniqueIdentifier>
    </Filter>
    <Filter Include="源文件\seek">
      <UniqueIdentifier>{a98f509f-5810-482c-a3e6-5eb7a9015561}</UniqueIdentifier>
    </Filter>
  </ItemGroup>
  <ItemGroup>
    <ClCompile Include="main.c">
      <Filter>源文件</Filter>
    </ClCompile>
    <ClCompile Include="seek.c">
      <Filter>源文件\seek</Filter>
    </ClCompile>
  </ItemGroup>
  <ItemGroup>
    <ClInclude Include="sort.c">
      <Filter>源文件\sort</Filter>
    </ClInclude>
    <ClInclude Include="sort.h">
      <Filter>头文件\sort</Filter>
    </ClInclude>
    <ClInclude Include="seek.h">
      <Filter>头文件\seek</Filter>
    </ClInclude>
  </ItemGroup>
</Project>